version: 6
environments:
  default:
    channels:
    - url: https://conda.anaconda.org/conda-forge/
    indexes:
    - https://pypi.org/simple
    options:
      pypi-prerelease-mode: if-necessary-or-explicit
    packages:
      linux-64:
      - conda: https://conda.anaconda.org/conda-forge/linux-64/_libgcc_mutex-0.1-conda_forge.tar.bz2
      - conda: https://conda.anaconda.org/conda-forge/linux-64/_openmp_mutex-4.5-2_gnu.tar.bz2
      - conda: https://conda.anaconda.org/conda-forge/noarch/argon2-cffi-25.1.0-pyhd8ed1ab_0.conda
      - conda: https://conda.anaconda.org/conda-forge/linux-64/argon2-cffi-bindings-25.1.0-py313h07c4f96_2.conda
      - conda: https://conda.anaconda.org/conda-forge/noarch/blinker-1.9.0-pyhff2d567_0.conda
      - conda: https://conda.anaconda.org/conda-forge/linux-64/bzip2-1.0.8-hda65f42_8.conda
      - conda: https://conda.anaconda.org/conda-forge/noarch/ca-certificates-2026.1.4-hbd8a1cb_0.conda
      - conda: https://conda.anaconda.org/conda-forge/linux-64/cffi-2.0.0-py313hf46b229_1.conda
      - conda: https://conda.anaconda.org/conda-forge/noarch/click-8.3.1-pyh8f84b5b_1.conda
      - conda: https://conda.anaconda.org/conda-forge/linux-64/cyrus-sasl-2.1.28-hd9c7081_0.conda
      - conda: https://conda.anaconda.org/conda-forge/noarch/deprecated-1.3.1-pyhd8ed1ab_0.conda
      - conda: https://conda.anaconda.org/conda-forge/noarch/flask-3.1.2-pyhd8ed1ab_0.conda
      - conda: https://conda.anaconda.org/conda-forge/noarch/flask-limiter-4.1.1-pyhd8ed1ab_0.conda
      - conda: https://conda.anaconda.org/conda-forge/noarch/flask-login-0.6.3-pyhd8ed1ab_2.conda
      - conda: https://conda.anaconda.org/conda-forge/noarch/flask-sqlalchemy-3.1.1-pyh29332c3_1.conda
      - conda: https://conda.anaconda.org/conda-forge/noarch/flask-talisman-1.1.0-pyhd8ed1ab_0.conda
      - conda: https://conda.anaconda.org/conda-forge/noarch/flask-wtf-1.2.2-pyhd8ed1ab_1.conda
      - conda: https://conda.anaconda.org/conda-forge/linux-64/greenlet-3.3.0-py313h7033f15_0.conda
      - conda: https://conda.anaconda.org/conda-forge/linux-64/icu-78.2-h33c6efd_0.conda
      - conda: https://conda.anaconda.org/conda-forge/noarch/importlib-metadata-8.7.0-pyhe01879c_1.conda
      - conda: https://conda.anaconda.org/conda-forge/noarch/itsdangerous-2.2.0-pyhd8ed1ab_1.conda
      - conda: https://conda.anaconda.org/conda-forge/linux-64/jansson-2.14.1-hb03c661_2.conda
      - conda: https://conda.anaconda.org/conda-forge/noarch/jinja2-3.1.6-pyhcf101f3_1.conda
      - conda: https://conda.anaconda.org/conda-forge/linux-64/keyutils-1.6.3-hb9d3cd8_0.conda
      - conda: https://conda.anaconda.org/conda-forge/linux-64/krb5-1.21.3-h659f571_0.conda
      - conda: https://conda.anaconda.org/conda-forge/linux-64/ld_impl_linux-64-2.45-default_hbd61a6d_105.conda
      - conda: https://conda.anaconda.org/conda-forge/linux-64/libedit-3.1.20250104-pl5321h7949ede_0.conda
      - conda: https://conda.anaconda.org/conda-forge/linux-64/libexpat-2.7.3-hecca717_0.conda
      - conda: https://conda.anaconda.org/conda-forge/linux-64/libffi-3.5.2-h9ec8514_0.conda
      - conda: https://conda.anaconda.org/conda-forge/linux-64/libgcc-15.2.0-he0feb66_16.conda
      - conda: https://conda.anaconda.org/conda-forge/linux-64/libgcc-ng-15.2.0-h69a702a_16.conda
      - conda: https://conda.anaconda.org/conda-forge/linux-64/libgomp-15.2.0-he0feb66_16.conda
      - conda: https://conda.anaconda.org/conda-forge/linux-64/libiconv-1.18-h3b78370_2.conda
      - conda: https://conda.anaconda.org/conda-forge/linux-64/liblzma-5.8.1-hb9d3cd8_2.conda
      - conda: https://conda.anaconda.org/conda-forge/linux-64/libmpdec-4.0.0-hb9d3cd8_0.conda
      - conda: https://conda.anaconda.org/conda-forge/linux-64/libntlm-1.8-hb9d3cd8_0.conda
      - conda: https://conda.anaconda.org/conda-forge/linux-64/libpq-18.1-hb80d175_3.conda
      - conda: https://conda.anaconda.org/conda-forge/linux-64/libsqlite-3.51.2-hf4e2dac_0.conda
      - conda: https://conda.anaconda.org/conda-forge/linux-64/libstdcxx-15.2.0-h934c35e_16.conda
      - conda: https://conda.anaconda.org/conda-forge/linux-64/libstdcxx-ng-15.2.0-hdf11a46_16.conda
      - conda: https://conda.anaconda.org/conda-forge/linux-64/libuuid-2.41.3-h5347b49_0.conda
      - conda: https://conda.anaconda.org/conda-forge/linux-64/libxcrypt-4.4.36-hd590300_1.conda
      - conda: https://conda.anaconda.org/conda-forge/linux-64/libxml2-16-2.15.1-hca6bf5a_1.conda
      - conda: https://conda.anaconda.org/conda-forge/linux-64/libxml2-2.15.1-he237659_1.conda
      - conda: https://conda.anaconda.org/conda-forge/linux-64/libzlib-1.3.1-hb9d3cd8_2.conda
      - conda: https://conda.anaconda.org/conda-forge/noarch/limits-5.6.0-pyhd8ed1ab_0.conda
      - conda: https://conda.anaconda.org/conda-forge/linux-64/markupsafe-3.0.3-py313h3dea7bd_0.conda
      - conda: https://conda.anaconda.org/conda-forge/linux-64/ncurses-6.5-h2d0b736_3.conda
      - conda: https://conda.anaconda.org/conda-forge/linux-64/openldap-2.6.10-he970967_0.conda
      - conda: https://conda.anaconda.org/conda-forge/linux-64/openssl-3.6.0-h26f9b46_0.conda
      - conda: https://conda.anaconda.org/conda-forge/noarch/ordered-set-4.1.0-pyhd8ed1ab_1.conda
      - conda: https://conda.anaconda.org/conda-forge/noarch/packaging-25.0-pyh29332c3_1.conda
      - conda: https://conda.anaconda.org/conda-forge/linux-64/pcre2-10.47-haa7fec5_0.conda
      - conda: https://conda.anaconda.org/conda-forge/linux-64/psycopg2-2.9.11-py313hdc942f6_0.conda
      - conda: https://conda.anaconda.org/conda-forge/noarch/pycparser-2.22-pyh29332c3_1.conda
      - conda: https://conda.anaconda.org/conda-forge/noarch/pyotp-2.9.0-pyhd8ed1ab_1.conda
      - conda: https://conda.anaconda.org/conda-forge/linux-64/python-3.13.11-hc97d973_100_cp313.conda
      - conda: https://conda.anaconda.org/conda-forge/noarch/python-dotenv-1.2.1-pyhcf101f3_0.conda
      - conda: https://conda.anaconda.org/conda-forge/noarch/python_abi-3.13-8_cp313.conda
      - conda: https://conda.anaconda.org/conda-forge/linux-64/readline-8.3-h853b02a_0.conda
      - conda: https://conda.anaconda.org/conda-forge/linux-64/sqlalchemy-2.0.45-py313h07c4f96_0.conda
      - conda: https://conda.anaconda.org/conda-forge/linux-64/tk-8.6.13-noxft_ha0e22de_103.conda
      - conda: https://conda.anaconda.org/conda-forge/noarch/typing-extensions-4.15.0-h396c80c_0.conda
      - conda: https://conda.anaconda.org/conda-forge/noarch/typing_extensions-4.15.0-pyhcf101f3_0.conda
      - conda: https://conda.anaconda.org/conda-forge/noarch/tzdata-2025c-hc9c84f9_1.conda
      - conda: https://conda.anaconda.org/conda-forge/linux-64/uwsgi-2.0.31-py313h8364f07_2.conda
      - conda: https://conda.anaconda.org/conda-forge/noarch/werkzeug-3.1.5-pyhcf101f3_0.conda
      - conda: https://conda.anaconda.org/conda-forge/linux-64/wrapt-1.17.3-py313h07c4f96_1.conda
      - conda: https://conda.anaconda.org/conda-forge/noarch/wtforms-3.2.1-pyhd8ed1ab_1.conda
      - conda: https://conda.anaconda.org/conda-forge/linux-64/yaml-0.2.5-h280c20c_3.conda
      - conda: https://conda.anaconda.org/conda-forge/noarch/zipp-3.23.0-pyhcf101f3_1.conda
      - conda: https://conda.anaconda.org/conda-forge/linux-64/zstd-1.5.7-hb78ec9c_6.conda
      - pypi: ./
packages:
- conda: https://conda.anaconda.org/conda-forge/linux-64/_libgcc_mutex-0.1-conda_forge.tar.bz2
  sha256: fe51de6107f9edc7aa4f786a70f4a883943bc9d39b3bb7307c04c41410990726
  md5: d7c89558ba9fa0495403155b64376d81
  license: None
  purls: []
  size: 2562
  timestamp: 1578324546067
- conda: https://conda.anaconda.org/conda-forge/linux-64/_openmp_mutex-4.5-2_gnu.tar.bz2
  build_number: 16
  sha256: fbe2c5e56a653bebb982eda4876a9178aedfc2b545f25d0ce9c4c0b508253d22
  md5: 73aaf86a425cc6e73fcf236a5a46396d
  depends:
  - _libgcc_mutex 0.1 conda_forge
  - libgomp >=7.5.0
  constrains:
  - openmp_impl 9999
  license: BSD-3-Clause
  license_family: BSD
  purls: []
  size: 23621
  timestamp: 1650670423406
- conda: https://conda.anaconda.org/conda-forge/noarch/argon2-cffi-25.1.0-pyhd8ed1ab_0.conda
  sha256: bea62005badcb98b1ae1796ec5d70ea0fc9539e7d59708ac4e7d41e2f4bb0bad
  md5: 8ac12aff0860280ee0cff7fa2cf63f3b
  depends:
  - argon2-cffi-bindings
  - python >=3.9
  - typing-extensions
  constrains:
  - argon2_cffi ==999
  license: MIT
  license_family: MIT
  purls:
  - pkg:pypi/argon2-cffi?source=hash-mapping
  size: 18715
  timestamp: 1749017288144
- conda: https://conda.anaconda.org/conda-forge/linux-64/argon2-cffi-bindings-25.1.0-py313h07c4f96_2.conda
  sha256: ad188ccc06a06c633dc124b09e9e06fb9df4c32ffc38acc96ecc86e506062090
  md5: 27bbec9f2f3a15d32b60ec5734f5b41c
  depends:
  - __glibc >=2.17,<3.0.a0
  - cffi >=1.0.1
  - libgcc >=14
  - python >=3.13,<3.14.0a0
  - python_abi 3.13.* *_cp313
  license: MIT
  license_family: MIT
  purls:
  - pkg:pypi/argon2-cffi-bindings?source=hash-mapping
  size: 35943
  timestamp: 1762509452935
- conda: https://conda.anaconda.org/conda-forge/noarch/blinker-1.9.0-pyhff2d567_0.conda
  sha256: f7efd22b5c15b400ed84a996d777b6327e5c402e79e3c534a7e086236f1eb2dc
  md5: 42834439227a4551b939beeeb8a4b085
  depends:
  - python >=3.9
  license: MIT
  license_family: MIT
  purls:
  - pkg:pypi/blinker?source=hash-mapping
  size: 13934
  timestamp: 1731096548765
- conda: https://conda.anaconda.org/conda-forge/linux-64/bzip2-1.0.8-hda65f42_8.conda
  sha256: c30daba32ddebbb7ded490f0e371eae90f51e72db620554089103b4a6934b0d5
  md5: 51a19bba1b8ebfb60df25cde030b7ebc
  depends:
  - __glibc >=2.17,<3.0.a0
  - libgcc >=14
  license: bzip2-1.0.6
  license_family: BSD
  purls: []
  size: 260341
  timestamp: 1757437258798
- conda: https://conda.anaconda.org/conda-forge/noarch/ca-certificates-2026.1.4-hbd8a1cb_0.conda
  sha256: b5974ec9b50e3c514a382335efa81ed02b05906849827a34061c496f4defa0b2
  md5: bddacf101bb4dd0e51811cb69c7790e2
  depends:
  - __unix
  license: ISC
  purls: []
  size: 146519
  timestamp: 1767500828366
- conda: https://conda.anaconda.org/conda-forge/linux-64/cffi-2.0.0-py313hf46b229_1.conda
  sha256: 2162a91819945c826c6ef5efe379e88b1df0fe9a387eeba23ddcf7ebeacd5bd6
  md5: d0616e7935acab407d1543b28c446f6f
  depends:
  - __glibc >=2.17,<3.0.a0
  - libffi >=3.5.2,<3.6.0a0
  - libgcc >=14
  - pycparser
  - python >=3.13,<3.14.0a0
  - python_abi 3.13.* *_cp313
  license: MIT
  license_family: MIT
  purls:
  - pkg:pypi/cffi?source=hash-mapping
  size: 298357
  timestamp: 1761202966461
- conda: https://conda.anaconda.org/conda-forge/noarch/click-8.3.1-pyh8f84b5b_1.conda
  sha256: 38cfe1ee75b21a8361c8824f5544c3866f303af1762693a178266d7f198e8715
  md5: ea8a6c3256897cc31263de9f455e25d9
  depends:
  - python >=3.10
  - __unix
  - python
  license: BSD-3-Clause
  license_family: BSD
  purls:
  - pkg:pypi/click?source=hash-mapping
  size: 97676
  timestamp: 1764518652276
- conda: https://conda.anaconda.org/conda-forge/linux-64/cyrus-sasl-2.1.28-hd9c7081_0.conda
  sha256: ee09ad7610c12c7008262d713416d0b58bf365bc38584dce48950025850bdf3f
  md5: cae723309a49399d2949362f4ab5c9e4
  depends:
  - __glibc >=2.17,<3.0.a0
  - krb5 >=1.21.3,<1.22.0a0
  - libgcc >=13
  - libntlm >=1.8,<2.0a0
  - libstdcxx >=13
  - libxcrypt >=4.4.36
  - openssl >=3.5.0,<4.0a0
  license: BSD-3-Clause-Attribution
  license_family: BSD
  purls: []
  size: 209774
  timestamp: 1750239039316
- conda: https://conda.anaconda.org/conda-forge/noarch/deprecated-1.3.1-pyhd8ed1ab_0.conda
  sha256: c994a70449d548dd388768090c71c1da81e1e128a281547ab9022908d46878c5
  md5: bf74a83f7a0f2a21b5d709997402cac4
  depends:
  - python >=3.10
  - wrapt <2,>=1.10
  license: MIT
  license_family: MIT
  purls:
  - pkg:pypi/deprecated?source=hash-mapping
  size: 15815
  timestamp: 1761813872696
- conda: https://conda.anaconda.org/conda-forge/noarch/flask-3.1.2-pyhd8ed1ab_0.conda
  sha256: 8a97eba37e0723720706d4636cc89c6b07eea1b7cc66fd8994fa8983a81ed988
  md5: ba67a9febeda36948fee26a3dec3d914
  depends:
  - blinker >=1.9.0
  - click >=8.1.3
  - importlib-metadata >=3.6.0
  - itsdangerous >=2.2.0
  - jinja2 >=3.1.2
  - markupsafe >=2.1.1
  - python >=3.9
  - werkzeug >=3.1.0
  license: BSD-3-Clause
  license_family: BSD
  purls:
  - pkg:pypi/flask?source=hash-mapping
  size: 82438
  timestamp: 1755674743256
- conda: https://conda.anaconda.org/conda-forge/noarch/flask-limiter-4.1.1-pyhd8ed1ab_0.conda
  sha256: b13cb918c07a120221421999931d7ef56c1cd90cf1104320c15735272c9a522c
  md5: c9aeff64d3385b2ad999d63bfd9e6fb5
  depends:
  - flask >=2
  - limits >=3.13
  - ordered-set >4,<5
  - python >=3.10
  - typing_extensions >=4.3
  license: MIT
  license_family: MIT
  purls:
  - pkg:pypi/flask-limiter?source=hash-mapping
  size: 31641
  timestamp: 1765052905120
- conda: https://conda.anaconda.org/conda-forge/noarch/flask-login-0.6.3-pyhd8ed1ab_2.conda
  sha256: d50d005b15de19cfafde744cd1e7c371416db2c2300b6b848db5e5f53fdde6eb
  md5: b040ac9fef7176cc5fff85a5982fdc74
  depends:
  - flask >=1.0.4
  - python >=3.9
  - werkzeug >=1.0.1
  license: MIT
  license_family: MIT
  purls:
  - pkg:pypi/flask-login?source=hash-mapping
  size: 20663
  timestamp: 1733924557151
- conda: https://conda.anaconda.org/conda-forge/noarch/flask-sqlalchemy-3.1.1-pyh29332c3_1.conda
  sha256: 574c002e58a405222a49418a6dd57dc7ad662b02a6297749d5c229c9628456c5
  md5: 0aec4d7f22e51d55e1ea298da3214129
  depends:
  - python >=3.9
  - flask >=2.2.5
  - sqlalchemy >=2.0.16
  - python
  license: BSD-3-Clause
  license_family: BSD
  purls:
  - pkg:pypi/flask-sqlalchemy?source=hash-mapping
  size: 27153
  timestamp: 1733868589039
- conda: https://conda.anaconda.org/conda-forge/noarch/flask-talisman-1.1.0-pyhd8ed1ab_0.conda
  sha256: 1856e2268e1f4012ff96b90816c5d725a3e6db65a9bccdcac323425bc80e7b5a
  md5: a2fa0d628ec7ff2cf155349e24a0efe9
  depends:
  - flask
  - python >=3.5
  license: Apache-2.0
  license_family: Apache
  purls:
  - pkg:pypi/flask-talisman?source=hash-mapping
  size: 22281
  timestamp: 1691150773791
- conda: https://conda.anaconda.org/conda-forge/noarch/flask-wtf-1.2.2-pyhd8ed1ab_1.conda
  sha256: 2f064b50971909b10ccdb9ef094c3e8348b623186489e1997ac7aafed2811128
  md5: c69dd7b98d7d7c1d9a5b30ddcdf1a45f
  depends:
  - flask
  - itsdangerous
  - python >=3.9
  - wtforms
  license: BSD-3-Clause
  license_family: BSD
  purls:
  - pkg:pypi/flask-wtf?source=hash-mapping
  size: 16513
  timestamp: 1733920540193
- conda: https://conda.anaconda.org/conda-forge/linux-64/greenlet-3.3.0-py313h7033f15_0.conda
  sha256: 03b5ae741e63901bdb20f9fafac2176a05d5b16bd71b8bcb7148bb7a2999cace
  md5: 2b1cf80423628afd34b4c66b767d7f6b
  depends:
  - __glibc >=2.17,<3.0.a0
  - libgcc >=14
  - libstdcxx >=14
  - python >=3.13,<3.14.0a0
  - python_abi 3.13.* *_cp313
  license: MIT
  license_family: MIT
  purls:
  - pkg:pypi/greenlet?source=hash-mapping
  size: 240282
  timestamp: 1764863692472
- conda: https://conda.anaconda.org/conda-forge/linux-64/icu-78.2-h33c6efd_0.conda
  sha256: 142a722072fa96cf16ff98eaaf641f54ab84744af81754c292cb81e0881c0329
  md5: 186a18e3ba246eccfc7cff00cd19a870
  depends:
  - __glibc >=2.17,<3.0.a0
  - libgcc >=14
  - libstdcxx >=14
  license: MIT
  license_family: MIT
  purls: []
  size: 12728445
  timestamp: 1767969922681
- conda: https://conda.anaconda.org/conda-forge/noarch/importlib-metadata-8.7.0-pyhe01879c_1.conda
  sha256: c18ab120a0613ada4391b15981d86ff777b5690ca461ea7e9e49531e8f374745
  md5: 63ccfdc3a3ce25b027b8767eb722fca8
  depends:
  - python >=3.9
  - zipp >=3.20
  - python
  license: Apache-2.0
  license_family: APACHE
  purls:
  - pkg:pypi/importlib-metadata?source=hash-mapping
  size: 34641
  timestamp: 1747934053147
- conda: https://conda.anaconda.org/conda-forge/noarch/itsdangerous-2.2.0-pyhd8ed1ab_1.conda
  sha256: 1684b7b16eec08efef5302ce298c606b163c18272b69a62b666fbaa61516f170
  md5: 7ac5f795c15f288984e32add616cdc59
  depends:
  - python >=3.9
  license: BSD-3-Clause
  license_family: BSD
  purls:
  - pkg:pypi/itsdangerous?source=hash-mapping
  size: 19180
  timestamp: 1733308353037
- conda: https://conda.anaconda.org/conda-forge/linux-64/jansson-2.14.1-hb03c661_2.conda
  sha256: 6761c9ef9d6ad5da42bdcdae8767a7fb85ed78f341759a44af3689a1dff8f07e
  md5: 7394af5ad5273b3d3cf18e301fc036a2
  depends:
  - __glibc >=2.17,<3.0.a0
  - libgcc >=14
  license: MIT
  license_family: MIT
  purls: []
  size: 67955
  timestamp: 1764338998817
- conda: https://conda.anaconda.org/conda-forge/noarch/jinja2-3.1.6-pyhcf101f3_1.conda
  sha256: fc9ca7348a4f25fed2079f2153ecdcf5f9cf2a0bc36c4172420ca09e1849df7b
  md5: 04558c96691bed63104678757beb4f8d
  depends:
  - markupsafe >=2.0
  - python >=3.10
  - python
  license: BSD-3-Clause
  license_family: BSD
  purls:
  - pkg:pypi/jinja2?source=compressed-mapping
  size: 120685
  timestamp: 1764517220861
- conda: https://conda.anaconda.org/conda-forge/linux-64/keyutils-1.6.3-hb9d3cd8_0.conda
  sha256: 0960d06048a7185d3542d850986d807c6e37ca2e644342dd0c72feefcf26c2a4
  md5: b38117a3c920364aff79f870c984b4a3
  depends:
  - __glibc >=2.17,<3.0.a0
  - libgcc >=13
  license: LGPL-2.1-or-later
  purls: []
  size: 134088
  timestamp: 1754905959823
- conda: https://conda.anaconda.org/conda-forge/linux-64/krb5-1.21.3-h659f571_0.conda
  sha256: 99df692f7a8a5c27cd14b5fb1374ee55e756631b9c3d659ed3ee60830249b238
  md5: 3f43953b7d3fb3aaa1d0d0723d91e368
  depends:
  - keyutils >=1.6.1,<2.0a0
  - libedit >=3.1.20191231,<3.2.0a0
  - libedit >=3.1.20191231,<4.0a0
  - libgcc-ng >=12
  - libstdcxx-ng >=12
  - openssl >=3.3.1,<4.0a0
  license: MIT
  license_family: MIT
  purls: []
  size: 1370023
  timestamp: 1719463201255
- conda: https://conda.anaconda.org/conda-forge/linux-64/ld_impl_linux-64-2.45-default_hbd61a6d_105.conda
  sha256: 1027bd8aa0d5144e954e426ab6218fd5c14e54a98f571985675468b339c808ca
  md5: 3ec0aa5037d39b06554109a01e6fb0c6
  depends:
  - __glibc >=2.17,<3.0.a0
  - zstd >=1.5.7,<1.6.0a0
  constrains:
  - binutils_impl_linux-64 2.45
  license: GPL-3.0-only
  license_family: GPL
  purls: []
  size: 730831
  timestamp: 1766513089214
- conda: https://conda.anaconda.org/conda-forge/linux-64/libedit-3.1.20250104-pl5321h7949ede_0.conda
  sha256: d789471216e7aba3c184cd054ed61ce3f6dac6f87a50ec69291b9297f8c18724
  md5: c277e0a4d549b03ac1e9d6cbbe3d017b
  depends:
  - ncurses
  - __glibc >=2.17,<3.0.a0
  - libgcc >=13
  - ncurses >=6.5,<7.0a0
  license: BSD-2-Clause
  license_family: BSD
  purls: []
  size: 134676
  timestamp: 1738479519902
- conda: https://conda.anaconda.org/conda-forge/linux-64/libexpat-2.7.3-hecca717_0.conda
  sha256: 1e1b08f6211629cbc2efe7a5bca5953f8f6b3cae0eeb04ca4dacee1bd4e2db2f
  md5: 8b09ae86839581147ef2e5c5e229d164
  depends:
  - __glibc >=2.17,<3.0.a0
  - libgcc >=14
  constrains:
  - expat 2.7.3.*
  license: MIT
  license_family: MIT
  purls: []
  size: 76643
  timestamp: 1763549731408
- conda: https://conda.anaconda.org/conda-forge/linux-64/libffi-3.5.2-h9ec8514_0.conda
  sha256: 25cbdfa65580cfab1b8d15ee90b4c9f1e0d72128f1661449c9a999d341377d54
  md5: 35f29eec58405aaf55e01cb470d8c26a
  depends:
  - __glibc >=2.17,<3.0.a0
  - libgcc >=14
  license: MIT
  license_family: MIT
  purls: []
  size: 57821
  timestamp: 1760295480630
- conda: https://conda.anaconda.org/conda-forge/linux-64/libgcc-15.2.0-he0feb66_16.conda
  sha256: 6eed58051c2e12b804d53ceff5994a350c61baf117ec83f5f10c953a3f311451
  md5: 6d0363467e6ed84f11435eb309f2ff06
  depends:
  - __glibc >=2.17,<3.0.a0
  - _openmp_mutex >=4.5
  constrains:
  - libgcc-ng ==15.2.0=*_16
  - libgomp 15.2.0 he0feb66_16
  license: GPL-3.0-only WITH GCC-exception-3.1
  license_family: GPL
  purls: []
  size: 1042798
  timestamp: 1765256792743
- conda: https://conda.anaconda.org/conda-forge/linux-64/libgcc-ng-15.2.0-h69a702a_16.conda
  sha256: 5f07f9317f596a201cc6e095e5fc92621afca64829785e483738d935f8cab361
  md5: 5a68259fac2da8f2ee6f7bfe49c9eb8b
  depends:
  - libgcc 15.2.0 he0feb66_16
  license: GPL-3.0-only WITH GCC-exception-3.1
  license_family: GPL
  purls: []
  size: 27256
  timestamp: 1765256804124
- conda: https://conda.anaconda.org/conda-forge/linux-64/libgomp-15.2.0-he0feb66_16.conda
  sha256: 5b3e5e4e9270ecfcd48f47e3a68f037f5ab0f529ccb223e8e5d5ac75a58fc687
  md5: 26c46f90d0e727e95c6c9498a33a09f3
  depends:
  - __glibc >=2.17,<3.0.a0
  license: GPL-3.0-only WITH GCC-exception-3.1
  license_family: GPL
  purls: []
  size: 603284
  timestamp: 1765256703881
- conda: https://conda.anaconda.org/conda-forge/linux-64/libiconv-1.18-h3b78370_2.conda
  sha256: c467851a7312765447155e071752d7bf9bf44d610a5687e32706f480aad2833f
  md5: 915f5995e94f60e9a4826e0b0920ee88
  depends:
  - __glibc >=2.17,<3.0.a0
  - libgcc >=14
  license: LGPL-2.1-only
  purls: []
  size: 790176
  timestamp: 1754908768807
- conda: https://conda.anaconda.org/conda-forge/linux-64/liblzma-5.8.1-hb9d3cd8_2.conda
  sha256: f2591c0069447bbe28d4d696b7fcb0c5bd0b4ac582769b89addbcf26fb3430d8
  md5: 1a580f7796c7bf6393fddb8bbbde58dc
  depends:
  - __glibc >=2.17,<3.0.a0
  - libgcc >=13
  constrains:
  - xz 5.8.1.*
  license: 0BSD
  purls: []
  size: 112894
  timestamp: 1749230047870
- conda: https://conda.anaconda.org/conda-forge/linux-64/libmpdec-4.0.0-hb9d3cd8_0.conda
  sha256: 3aa92d4074d4063f2a162cd8ecb45dccac93e543e565c01a787e16a43501f7ee
  md5: c7e925f37e3b40d893459e625f6a53f1
  depends:
  - __glibc >=2.17,<3.0.a0
  - libgcc >=13
  license: BSD-2-Clause
  license_family: BSD
  purls: []
  size: 91183
  timestamp: 1748393666725
- conda: https://conda.anaconda.org/conda-forge/linux-64/libntlm-1.8-hb9d3cd8_0.conda
  sha256: 3b3f19ced060013c2dd99d9d46403be6d319d4601814c772a3472fe2955612b0
  md5: 7c7927b404672409d9917d49bff5f2d6
  depends:
  - __glibc >=2.17,<3.0.a0
  - libgcc >=13
  license: LGPL-2.1-or-later
  purls: []
  size: 33418
  timestamp: 1734670021371
- conda: https://conda.anaconda.org/conda-forge/linux-64/libpq-18.1-hb80d175_3.conda
  sha256: 21adefed86a36622dd500d7862cb980c5bdaab6ed3f4930a9b9afceabc7a6d58
  md5: c39da2ad0e7dd600d1eb3146783b057d
  depends:
  - __glibc >=2.17,<3.0.a0
  - icu >=78.1,<79.0a0
  - krb5 >=1.21.3,<1.22.0a0
  - libgcc >=14
  - openldap >=2.6.10,<2.7.0a0
  - openssl >=3.5.4,<4.0a0
  license: PostgreSQL
  purls: []
  size: 2761692
  timestamp: 1766448056465
- conda: https://conda.anaconda.org/conda-forge/linux-64/libsqlite-3.51.2-hf4e2dac_0.conda
  sha256: 04596fcee262a870e4b7c9807224680ff48d4d0cc0dac076a602503d3dc6d217
  md5: da5be73701eecd0e8454423fd6ffcf30
  depends:
  - __glibc >=2.17,<3.0.a0
  - icu >=78.2,<79.0a0
  - libgcc >=14
  - libzlib >=1.3.1,<2.0a0
  license: blessing
  purls: []
  size: 942808
  timestamp: 1768147973361
- conda: https://conda.anaconda.org/conda-forge/linux-64/libstdcxx-15.2.0-h934c35e_16.conda
  sha256: 813427918316a00c904723f1dfc3da1bbc1974c5cfe1ed1e704c6f4e0798cbc6
  md5: 68f68355000ec3f1d6f26ea13e8f525f
  depends:
  - __glibc >=2.17,<3.0.a0
  - libgcc 15.2.0 he0feb66_16
  constrains:
  - libstdcxx-ng ==15.2.0=*_16
  license: GPL-3.0-only WITH GCC-exception-3.1
  license_family: GPL
  purls: []
  size: 5856456
  timestamp: 1765256838573
- conda: https://conda.anaconda.org/conda-forge/linux-64/libstdcxx-ng-15.2.0-hdf11a46_16.conda
  sha256: 81f2f246c7533b41c5e0c274172d607829019621c4a0823b5c0b4a8c7028ee84
  md5: 1b3152694d236cf233b76b8c56bf0eae
  depends:
  - libstdcxx 15.2.0 h934c35e_16
  license: GPL-3.0-only WITH GCC-exception-3.1
  license_family: GPL
  purls: []
  size: 27300
  timestamp: 1765256885128
- conda: https://conda.anaconda.org/conda-forge/linux-64/libuuid-2.41.3-h5347b49_0.conda
  sha256: 1a7539cfa7df00714e8943e18de0b06cceef6778e420a5ee3a2a145773758aee
  md5: db409b7c1720428638e7c0d509d3e1b5
  depends:
  - __glibc >=2.17,<3.0.a0
  - libgcc >=14
  license: BSD-3-Clause
  license_family: BSD
  purls: []
  size: 40311
  timestamp: 1766271528534
- conda: https://conda.anaconda.org/conda-forge/linux-64/libxcrypt-4.4.36-hd590300_1.conda
  sha256: 6ae68e0b86423ef188196fff6207ed0c8195dd84273cb5623b85aa08033a410c
  md5: 5aa797f8787fe7a17d1b0821485b5adc
  depends:
  - libgcc-ng >=12
  license: LGPL-2.1-or-later
  purls: []
  size: 100393
  timestamp: 1702724383534
- conda: https://conda.anaconda.org/conda-forge/linux-64/libxml2-2.15.1-he237659_1.conda
  sha256: 047be059033c394bd32ae5de66ce389824352120b3a7c0eff980195f7ed80357
  md5: 417955234eccd8f252b86a265ccdab7f
  depends:
  - __glibc >=2.17,<3.0.a0
  - icu >=78.1,<79.0a0
  - libgcc >=14
  - libiconv >=1.18,<2.0a0
  - liblzma >=5.8.1,<6.0a0
  - libxml2-16 2.15.1 hca6bf5a_1
  - libzlib >=1.3.1,<2.0a0
  license: MIT
  license_family: MIT
  purls: []
  size: 45402
  timestamp: 1766327161688
- conda: https://conda.anaconda.org/conda-forge/linux-64/libxml2-16-2.15.1-hca6bf5a_1.conda
  sha256: 8331284bf9ae641b70cdc0e5866502dd80055fc3b9350979c74bb1d192e8e09e
  md5: 3fdd8d99683da9fe279c2f4cecd1e048
  depends:
  - __glibc >=2.17,<3.0.a0
  - icu >=78.1,<79.0a0
  - libgcc >=14
  - libiconv >=1.18,<2.0a0
  - liblzma >=5.8.1,<6.0a0
  - libzlib >=1.3.1,<2.0a0
  constrains:
  - libxml2 2.15.1
  license: MIT
  license_family: MIT
  purls: []
  size: 555747
  timestamp: 1766327145986
- conda: https://conda.anaconda.org/conda-forge/linux-64/libzlib-1.3.1-hb9d3cd8_2.conda
  sha256: d4bfe88d7cb447768e31650f06257995601f89076080e76df55e3112d4e47dc4
  md5: edb0dca6bc32e4f4789199455a1dbeb8
  depends:
  - __glibc >=2.17,<3.0.a0
  - libgcc >=13
  constrains:
  - zlib 1.3.1 *_2
  license: Zlib
  license_family: Other
  purls: []
  size: 60963
  timestamp: 1727963148474
- conda: https://conda.anaconda.org/conda-forge/noarch/limits-5.6.0-pyhd8ed1ab_0.conda
  sha256: 7d45cb93095d191d0cd57ffa51d7668f07d6edcfe8df8cb12c6c5cf78a0c8aa5
  md5: 5170e3912d816b6db0ba9a6d1079955d
  depends:
  - deprecated >=1.2
  - packaging >=21
  - python >=3.10
  - typing_extensions
  license: MIT
  license_family: MIT
  purls:
  - pkg:pypi/limits?source=hash-mapping
  size: 39015
  timestamp: 1759224091425
- conda: https://conda.anaconda.org/conda-forge/linux-64/markupsafe-3.0.3-py313h3dea7bd_0.conda
  sha256: a530a411bdaaf0b1e4de8869dfaca46cb07407bc7dc0702a9e231b0e5ce7ca85
  md5: c14389156310b8ed3520d84f854be1ee
  depends:
  - __glibc >=2.17,<3.0.a0
  - libgcc >=14
  - python >=3.13,<3.14.0a0
  - python_abi 3.13.* *_cp313
  constrains:
  - jinja2 >=3.0.0
  license: BSD-3-Clause
  license_family: BSD
  purls:
  - pkg:pypi/markupsafe?source=hash-mapping
  size: 25909
  timestamp: 1759055357045
- conda: https://conda.anaconda.org/conda-forge/linux-64/ncurses-6.5-h2d0b736_3.conda
  sha256: 3fde293232fa3fca98635e1167de6b7c7fda83caf24b9d6c91ec9eefb4f4d586
  md5: 47e340acb35de30501a76c7c799c41d7
  depends:
  - __glibc >=2.17,<3.0.a0
  - libgcc >=13
  license: X11 AND BSD-3-Clause
  purls: []
  size: 891641
  timestamp: 1738195959188
- pypi: ./
  name: odas
  version: 0.1.0
  sha256: bd0f53e85278c6cfb1096c95a30e74b9aca32b9e59737c36f8bc06f432e01539
  requires_python: '>=3.11'
- conda: https://conda.anaconda.org/conda-forge/linux-64/openldap-2.6.10-he970967_0.conda
  sha256: cb0b07db15e303e6f0a19646807715d28f1264c6350309a559702f4f34f37892
  md5: 2e5bf4f1da39c0b32778561c3c4e5878
  depends:
  - __glibc >=2.17,<3.0.a0
  - cyrus-sasl >=2.1.27,<3.0a0
  - krb5 >=1.21.3,<1.22.0a0
  - libgcc >=13
  - libstdcxx >=13
  - openssl >=3.5.0,<4.0a0
  license: OLDAP-2.8
  license_family: BSD
  purls: []
  size: 780253
  timestamp: 1748010165522
- conda: https://conda.anaconda.org/conda-forge/linux-64/openssl-3.6.0-h26f9b46_0.conda
  sha256: a47271202f4518a484956968335b2521409c8173e123ab381e775c358c67fe6d
  md5: 9ee58d5c534af06558933af3c845a780
  depends:
  - __glibc >=2.17,<3.0.a0
  - ca-certificates
  - libgcc >=14
  license: Apache-2.0
  license_family: Apache
  purls: []
  size: 3165399
  timestamp: 1762839186699
- conda: https://conda.anaconda.org/conda-forge/noarch/ordered-set-4.1.0-pyhd8ed1ab_1.conda
  sha256: 5c0afaab3e9746753b34b676b5c639ae323075427068366f7cae5bd7931df67b
  md5: a130daf1699f927040956d3378baf0f2
  depends:
  - python >=3.9
  license: MIT
  license_family: MIT
  purls:
  - pkg:pypi/ordered-set?source=hash-mapping
  size: 13912
  timestamp: 1733928005043
- conda: https://conda.anaconda.org/conda-forge/noarch/packaging-25.0-pyh29332c3_1.conda
  sha256: 289861ed0c13a15d7bbb408796af4de72c2fe67e2bcb0de98f4c3fce259d7991
  md5: 58335b26c38bf4a20f399384c33cbcf9
  depends:
  - python >=3.8
  - python
  license: Apache-2.0
  license_family: APACHE
  purls:
  - pkg:pypi/packaging?source=hash-mapping
  size: 62477
  timestamp: 1745345660407
- conda: https://conda.anaconda.org/conda-forge/linux-64/pcre2-10.47-haa7fec5_0.conda
  sha256: 5e6f7d161356fefd981948bea5139c5aa0436767751a6930cb1ca801ebb113ff
  md5: 7a3bff861a6583f1889021facefc08b1
  depends:
  - __glibc >=2.17,<3.0.a0
  - bzip2 >=1.0.8,<2.0a0
  - libgcc >=14
  - libzlib >=1.3.1,<2.0a0
  license: BSD-3-Clause
  license_family: BSD
  purls: []
  size: 1222481
  timestamp: 1763655398280
- conda: https://conda.anaconda.org/conda-forge/linux-64/psycopg2-2.9.11-py313hdc942f6_0.conda
  sha256: b07fe792134520a17c53eff5bfad3dba238f8a3c6674b6b8fbb00549aa80a141
  md5: 2fd62f406b2c131638339edb0de648a8
  depends:
  - __glibc >=2.17,<3.0.a0
  - libgcc >=14
  - libpq >=18.1,<19.0a0
  - python >=3.13,<3.14.0a0
  - python_abi 3.13.* *_cp313
  license: LGPL-3.0-or-later
  license_family: LGPL
  purls:
  - pkg:pypi/psycopg2?source=hash-mapping
  size: 192012
  timestamp: 1767372443669
- conda: https://conda.anaconda.org/conda-forge/noarch/pycparser-2.22-pyh29332c3_1.conda
  sha256: 79db7928d13fab2d892592223d7570f5061c192f27b9febd1a418427b719acc6
  md5: 12c566707c80111f9799308d9e265aef
  depends:
  - python >=3.9
  - python
  license: BSD-3-Clause
  license_family: BSD
  purls:
  - pkg:pypi/pycparser?source=hash-mapping
  size: 110100
  timestamp: 1733195786147
- conda: https://conda.anaconda.org/conda-forge/noarch/pyotp-2.9.0-pyhd8ed1ab_1.conda
  sha256: 2d1f457d4ace5ae40e15dbd1e8fa3affbe054a64770718eae2e425d9119ee808
  md5: 260de5663766699619cbf55c2bcd11d2
  depends:
  - python >=3.9
  license: MIT
  license_family: MIT
  purls:
  - pkg:pypi/pyotp?source=hash-mapping
  size: 17060
  timestamp: 1735044089673
- conda: https://conda.anaconda.org/conda-forge/linux-64/python-3.13.11-hc97d973_100_cp313.conda
  build_number: 100
  sha256: 9cf014cf28e93ee242bacfbf664e8b45ae06e50b04291e640abeaeb0cba0364c
  md5: 0cbb0010f1d8ecb64a428a8d4214609e
  depends:
  - __glibc >=2.17,<3.0.a0
  - bzip2 >=1.0.8,<2.0a0
  - ld_impl_linux-64 >=2.36.1
  - libexpat >=2.7.3,<3.0a0
  - libffi >=3.5.2,<3.6.0a0
  - libgcc >=14
  - liblzma >=5.8.1,<6.0a0
  - libmpdec >=4.0.0,<5.0a0
  - libsqlite >=3.51.1,<4.0a0
  - libuuid >=2.41.2,<3.0a0
  - libzlib >=1.3.1,<2.0a0
  - ncurses >=6.5,<7.0a0
  - openssl >=3.5.4,<4.0a0
  - python_abi 3.13.* *_cp313
  - readline >=8.2,<9.0a0
  - tk >=8.6.13,<8.7.0a0
  - tzdata
  license: Python-2.0
  purls: []
  size: 37226336
  timestamp: 1765021889577
  python_site_packages_path: lib/python3.13/site-packages
- conda: https://conda.anaconda.org/conda-forge/noarch/python-dotenv-1.2.1-pyhcf101f3_0.conda
  sha256: aa98e0b1f5472161318f93224f1cfec1355ff69d2f79f896c0b9e033e4a6caf9
  md5: 083725d6cd3dc007f06d04bcf1e613a2
  depends:
  - python >=3.10
  - python
  license: BSD-3-Clause
  license_family: BSD
  purls:
  - pkg:pypi/python-dotenv?source=hash-mapping
  size: 26922
  timestamp: 1761503229008
- conda: https://conda.anaconda.org/conda-forge/noarch/python_abi-3.13-8_cp313.conda
  build_number: 8
  sha256: 210bffe7b121e651419cb196a2a63687b087497595c9be9d20ebe97dd06060a7
  md5: 94305520c52a4aa3f6c2b1ff6008d9f8
  constrains:
  - python 3.13.* *_cp313
  license: BSD-3-Clause
  license_family: BSD
  purls: []
  size: 7002
  timestamp: 1752805902938
- conda: https://conda.anaconda.org/conda-forge/linux-64/readline-8.3-h853b02a_0.conda
  sha256: 12ffde5a6f958e285aa22c191ca01bbd3d6e710aa852e00618fa6ddc59149002
  md5: d7d95fc8287ea7bf33e0e7116d2b95ec
  depends:
  - __glibc >=2.17,<3.0.a0
  - libgcc >=14
  - ncurses >=6.5,<7.0a0
  license: GPL-3.0-only
  license_family: GPL
  purls: []
  size: 345073
  timestamp: 1765813471974
- conda: https://conda.anaconda.org/conda-forge/linux-64/sqlalchemy-2.0.45-py313h07c4f96_0.conda
  sha256: 566204b9865c85a0e2030c3aa4c81d6f5dd47496e301840f7dc3bef47efc8f55
  md5: b8bde0a2de399d28127fb9a9825c97be
  depends:
  - __glibc >=2.17,<3.0.a0
  - greenlet !=0.4.17
  - libgcc >=14
  - python >=3.13,<3.14.0a0
  - python_abi 3.13.* *_cp313
  - typing-extensions >=4.6.0
  license: MIT
  license_family: MIT
  purls:
  - pkg:pypi/sqlalchemy?source=hash-mapping
  size: 3694238
  timestamp: 1765351843289
- conda: https://conda.anaconda.org/conda-forge/linux-64/tk-8.6.13-noxft_ha0e22de_103.conda
  sha256: 1544760538a40bcd8ace2b1d8ebe3eb5807ac268641f8acdc18c69c5ebfeaf64
  md5: 86bc20552bf46075e3d92b67f089172d
  depends:
  - __glibc >=2.17,<3.0.a0
  - libgcc >=13
  - libzlib >=1.3.1,<2.0a0
  constrains:
  - xorg-libx11 >=1.8.12,<2.0a0
  license: TCL
  license_family: BSD
  purls: []
  size: 3284905
  timestamp: 1763054914403
- conda: https://conda.anaconda.org/conda-forge/noarch/typing-extensions-4.15.0-h396c80c_0.conda
  sha256: 7c2df5721c742c2a47b2c8f960e718c930031663ac1174da67c1ed5999f7938c
  md5: edd329d7d3a4ab45dcf905899a7a6115
  depends:
  - typing_extensions ==4.15.0 pyhcf101f3_0
  license: PSF-2.0
  license_family: PSF
  purls: []
  size: 91383
  timestamp: 1756220668932
- conda: https://conda.anaconda.org/conda-forge/noarch/typing_extensions-4.15.0-pyhcf101f3_0.conda
  sha256: 032271135bca55aeb156cee361c81350c6f3fb203f57d024d7e5a1fc9ef18731
  md5: 0caa1af407ecff61170c9437a808404d
  depends:
  - python >=3.10
  - python
  license: PSF-2.0
  license_family: PSF
  purls:
  - pkg:pypi/typing-extensions?source=hash-mapping
  size: 51692
  timestamp: 1756220668932
- conda: https://conda.anaconda.org/conda-forge/noarch/tzdata-2025c-hc9c84f9_1.conda
  sha256: 1d30098909076af33a35017eed6f2953af1c769e273a0626a04722ac4acaba3c
  md5: ad659d0a2b3e47e38d829aa8cad2d610
  license: LicenseRef-Public-Domain
  purls: []
  size: 119135
  timestamp: 1767016325805
- conda: https://conda.anaconda.org/conda-forge/linux-64/uwsgi-2.0.31-py313h8364f07_2.conda
  sha256: 4466ea4dc9812776f3e3a0415c744e02661617c8ed0027376077c029c9031f72
  md5: c9a3688ad6a084e7a0c9c5a57632310d
  depends:
  - jansson
  - python
  - libstdcxx >=14
  - libgcc >=14
  - __glibc >=2.17,<3.0.a0
  - icu >=78.1,<79.0a0
  - openssl >=3.5.4,<4.0a0
  - yaml >=0.2.5,<0.3.0a0
  - libzlib >=1.3.1,<2.0a0
  - python_abi 3.13.* *_cp313
  - pcre2 >=10.47,<10.48.0a0
  - libxcrypt >=4.4.36
  - libxml2
  - libxml2-16 >=2.14.6
  - liblzma >=5.8.1,<6.0a0
  - jansson >=2.14.1,<3.0a0
  license: GPL-2.0-or-later
  license_family: GPL
  purls:
  - pkg:pypi/uwsgi?source=hash-mapping
  size: 11906197
  timestamp: 1766431253068
- conda: https://conda.anaconda.org/conda-forge/noarch/werkzeug-3.1.5-pyhcf101f3_0.conda
  sha256: 3ef418943ef14939a4bbc5157f31db2d6a7a025a3bfd7b4aa5a29034ba96e42e
  md5: 784e86b857b809955635175881a9a418
  depends:
  - markupsafe >=2.1.1
  - python >=3.10
  - python
  license: BSD-3-Clause
  license_family: BSD
  purls:
  - pkg:pypi/werkzeug?source=compressed-mapping
  size: 257059
  timestamp: 1767946313110
- conda: https://conda.anaconda.org/conda-forge/linux-64/wrapt-1.17.3-py313h07c4f96_1.conda
  sha256: 3688598866224e3fbeed8a74f12fd0a3c19dadcb931ce778bdc6cc2e04621b3b
  md5: c2662497e9a9ff2153753682f53989c9
  depends:
  - __glibc >=2.17,<3.0.a0
  - libgcc >=14
  - python >=3.13,<3.14.0a0
  - python_abi 3.13.* *_cp313
  license: BSD-2-Clause
  license_family: BSD
  purls:
  - pkg:pypi/wrapt?source=hash-mapping
  size: 64865
  timestamp: 1756851811052
- conda: https://conda.anaconda.org/conda-forge/noarch/wtforms-3.2.1-pyhd8ed1ab_1.conda
  sha256: a962e27d39f68ae473065311857ebec632d38a79f05df4321b8e700071d98e17
  md5: ad679d374d485c78b135e3da88ef4978
  depends:
  - markupsafe
  - python >=3.9
  license: BSD-3-Clause
  license_family: BSD
  purls:
  - pkg:pypi/wtforms?source=hash-mapping
  size: 75816
  timestamp: 1733061603082
- conda: https://conda.anaconda.org/conda-forge/linux-64/yaml-0.2.5-h280c20c_3.conda
  sha256: 6d9ea2f731e284e9316d95fa61869fe7bbba33df7929f82693c121022810f4ad
  md5: a77f85f77be52ff59391544bfe73390a
  depends:
  - libgcc >=14
  - __glibc >=2.17,<3.0.a0
  license: MIT
  license_family: MIT
  purls: []
  size: 85189
  timestamp: 1753484064210
- conda: https://conda.anaconda.org/conda-forge/noarch/zipp-3.23.0-pyhcf101f3_1.conda
  sha256: b4533f7d9efc976511a73ef7d4a2473406d7f4c750884be8e8620b0ce70f4dae
  md5: 30cd29cb87d819caead4d55184c1d115
  depends:
  - python >=3.10
  - python
  license: MIT
  license_family: MIT
  purls:
  - pkg:pypi/zipp?source=hash-mapping
  size: 24194
  timestamp: 1764460141901
- conda: https://conda.anaconda.org/conda-forge/linux-64/zstd-1.5.7-hb78ec9c_6.conda
  sha256: 68f0206ca6e98fea941e5717cec780ed2873ffabc0e1ed34428c061e2c6268c7
  md5: 4a13eeac0b5c8e5b8ab496e6c4ddd829
  depends:
  - __glibc >=2.17,<3.0.a0
  - libzlib >=1.3.1,<2.0a0
  license: BSD-3-Clause
  license_family: BSD
  purls: []
  size: 601375
  timestamp: 1764777111296
